
Microsoft Visual Studio Solution File, Format Version 12.00
# Visual Studio Version 17
VisualStudioVersion = 17.7.34024.191
MinimumVisualStudioVersion = 10.0.40219.1
Project("{FAE04EC0-301F-11D3-BF4B-00C04F79EFBC}") = "DragonTravelRental", "DragonTravelRental.csproj", "{8B259996-6131-463E-8887-24E77D368848}"
EndProject
Global
	GlobalSection(SolutionConfigurationPlatforms) = preSolution
		Debug|Any CPU = Debug|Any CPU
		Release|Any CPU = Release|Any CPU
	EndGlobalSection
	GlobalSection(ProjectConfigurationPlatforms) = postSolution
		{8B259996-6131-463E-8887-24E77D368848}.Debug|Any CPU.ActiveCfg = Debug|Any CPU
		{8B259996-6131-463E-8887-24E77D368848}.Debug|Any CPU.Build.0 = Debug|Any CPU
		{8B259996-6131-463E-8887-24E77D368848}.Release|Any CPU.ActiveCfg = Release|Any CPU
		{8B259996-6131-463E-8887-24E77D368848}.Release|Any CPU.Build.0 = Release|Any CPU
	EndGlobalSection
	GlobalSection(SolutionProperties) = preSolution
		HideSolutionNode = FALSE
	EndGlobalSection
	GlobalSection(ExtensibilityGlobals) = postSolution
		SolutionGuid = {37A13181-A695-4E21-A545-4E9048369064}
	EndGlobalSection
EndGlobal
